
Microsoft Visual Studio Solution File, Format Version 12.00
# Visual Studio Version 16
VisualStudioVersion = 16.0.29418.71
MinimumVisualStudioVersion = 10.0.40219.1
Project("{FAE04EC0-301F-11D3-BF4B-00C04F79EFBC}") = "Day17_AuthPrac", "Day17_AuthPrac\Day17_AuthPrac.csproj", "{24AF58BB-5B96-468C-BD48-601FBC7065DD}"
EndProject
Global
	GlobalSection(SolutionConfigurationPlatforms) = preSolution
		Debug|Any CPU = Debug|Any CPU
		Release|Any CPU = Release|Any CPU
	EndGlobalSection
	GlobalSection(ProjectConfigurationPlatforms) = postSolution
		{24AF58BB-5B96-468C-BD48-601FBC7065DD}.Debug|Any CPU.ActiveCfg = Debug|Any CPU
		{24AF58BB-5B96-468C-BD48-601FBC7065DD}.Debug|Any CPU.Build.0 = Debug|Any CPU
		{24AF58BB-5B96-468C-BD48-601FBC7065DD}.Release|Any CPU.ActiveCfg = Release|Any CPU
		{24AF58BB-5B96-468C-BD48-601FBC7065DD}.Release|Any CPU.Build.0 = Release|Any CPU
	EndGlobalSection
	GlobalSection(SolutionProperties) = preSolution
		HideSolutionNode = FALSE
	EndGlobalSection
	GlobalSection(ExtensibilityGlobals) = postSolution
		SolutionGuid = {FD35C9BB-F018-481F-9B99-D47FDF7F00C8}
	EndGlobalSection
EndGlobal
