
Microsoft Visual Studio Solution File, Format Version 12.00
# Visual Studio Version 16
VisualStudioVersion = 16.0.31205.134
MinimumVisualStudioVersion = 10.0.40219.1
Project("{FAE04EC0-301F-11D3-BF4B-00C04F79EFBC}") = "StudentForm", "StudentForm\StudentForm.csproj", "{22007549-0D62-493F-B53F-13172C144D68}"
EndProject
Global
	GlobalSection(SolutionConfigurationPlatforms) = preSolution
		Debug|Any CPU = Debug|Any CPU
		Release|Any CPU = Release|Any CPU
	EndGlobalSection
	GlobalSection(ProjectConfigurationPlatforms) = postSolution
		{22007549-0D62-493F-B53F-13172C144D68}.Debug|Any CPU.ActiveCfg = Debug|Any CPU
		{22007549-0D62-493F-B53F-13172C144D68}.Debug|Any CPU.Build.0 = Debug|Any CPU
		{22007549-0D62-493F-B53F-13172C144D68}.Release|Any CPU.ActiveCfg = Release|Any CPU
		{22007549-0D62-493F-B53F-13172C144D68}.Release|Any CPU.Build.0 = Release|Any CPU
	EndGlobalSection
	GlobalSection(SolutionProperties) = preSolution
		HideSolutionNode = FALSE
	EndGlobalSection
	GlobalSection(ExtensibilityGlobals) = postSolution
		SolutionGuid = {7BA93598-6B56-494C-9121-A23E451D7A67}
	EndGlobalSection
EndGlobal
