
Microsoft Visual Studio Solution File, Format Version 12.00
# Visual Studio Version 16
VisualStudioVersion = 16.0.29418.71
MinimumVisualStudioVersion = 10.0.40219.1
Project("{FAE04EC0-301F-11D3-BF4B-00C04F79EFBC}") = "Grade", "Grade\Grade.csproj", "{B16576ED-A04A-4A48-A475-82E6BAFAAD32}"
EndProject
Global
	GlobalSection(SolutionConfigurationPlatforms) = preSolution
		Debug|Any CPU = Debug|Any CPU
		Release|Any CPU = Release|Any CPU
	EndGlobalSection
	GlobalSection(ProjectConfigurationPlatforms) = postSolution
		{B16576ED-A04A-4A48-A475-82E6BAFAAD32}.Debug|Any CPU.ActiveCfg = Debug|Any CPU
		{B16576ED-A04A-4A48-A475-82E6BAFAAD32}.Debug|Any CPU.Build.0 = Debug|Any CPU
		{B16576ED-A04A-4A48-A475-82E6BAFAAD32}.Release|Any CPU.ActiveCfg = Release|Any CPU
		{B16576ED-A04A-4A48-A475-82E6BAFAAD32}.Release|Any CPU.Build.0 = Release|Any CPU
	EndGlobalSection
	GlobalSection(SolutionProperties) = preSolution
		HideSolutionNode = FALSE
	EndGlobalSection
	GlobalSection(ExtensibilityGlobals) = postSolution
		SolutionGuid = {A40F086A-3BB5-4318-8067-2924542C7284}
	EndGlobalSection
EndGlobal
