
Microsoft Visual Studio Solution File, Format Version 12.00
# Visual Studio Version 16
VisualStudioVersion = 16.0.29418.71
MinimumVisualStudioVersion = 10.0.40219.1
Project("{FAE04EC0-301F-11D3-BF4B-00C04F79EFBC}") = "Project_Hotstar", "Project_Hotstar\Project_Hotstar.csproj", "{5D336CE5-466C-42D6-9EC4-9F72FDBED7BB}"
EndProject
Global
	GlobalSection(SolutionConfigurationPlatforms) = preSolution
		Debug|Any CPU = Debug|Any CPU
		Release|Any CPU = Release|Any CPU
	EndGlobalSection
	GlobalSection(ProjectConfigurationPlatforms) = postSolution
		{5D336CE5-466C-42D6-9EC4-9F72FDBED7BB}.Debug|Any CPU.ActiveCfg = Debug|Any CPU
		{5D336CE5-466C-42D6-9EC4-9F72FDBED7BB}.Debug|Any CPU.Build.0 = Debug|Any CPU
		{5D336CE5-466C-42D6-9EC4-9F72FDBED7BB}.Release|Any CPU.ActiveCfg = Release|Any CPU
		{5D336CE5-466C-42D6-9EC4-9F72FDBED7BB}.Release|Any CPU.Build.0 = Release|Any CPU
	EndGlobalSection
	GlobalSection(SolutionProperties) = preSolution
		HideSolutionNode = FALSE
	EndGlobalSection
	GlobalSection(ExtensibilityGlobals) = postSolution
		SolutionGuid = {F7612BD8-DC0A-4AAD-851E-28D1DD6F1257}
	EndGlobalSection
EndGlobal
