
Microsoft Visual Studio Solution File, Format Version 12.00
# Visual Studio Version 16
VisualStudioVersion = 16.0.29418.71
MinimumVisualStudioVersion = 10.0.40219.1
Project("{FAE04EC0-301F-11D3-BF4B-00C04F79EFBC}") = "Calculator", "Calculator\Calculator.csproj", "{4FC6F797-88E7-47B0-8E7E-1A6F8628F309}"
EndProject
Global
	GlobalSection(SolutionConfigurationPlatforms) = preSolution
		Debug|Any CPU = Debug|Any CPU
		Release|Any CPU = Release|Any CPU
	EndGlobalSection
	GlobalSection(ProjectConfigurationPlatforms) = postSolution
		{4FC6F797-88E7-47B0-8E7E-1A6F8628F309}.Debug|Any CPU.ActiveCfg = Debug|Any CPU
		{4FC6F797-88E7-47B0-8E7E-1A6F8628F309}.Debug|Any CPU.Build.0 = Debug|Any CPU
		{4FC6F797-88E7-47B0-8E7E-1A6F8628F309}.Release|Any CPU.ActiveCfg = Release|Any CPU
		{4FC6F797-88E7-47B0-8E7E-1A6F8628F309}.Release|Any CPU.Build.0 = Release|Any CPU
	EndGlobalSection
	GlobalSection(SolutionProperties) = preSolution
		HideSolutionNode = FALSE
	EndGlobalSection
	GlobalSection(ExtensibilityGlobals) = postSolution
		SolutionGuid = {028CBC5E-A018-4171-AFE7-E888760678D2}
	EndGlobalSection
EndGlobal
