
Microsoft Visual Studio Solution File, Format Version 12.00
# Visual Studio Version 16
VisualStudioVersion = 16.0.29418.71
MinimumVisualStudioVersion = 10.0.40219.1
Project("{FAE04EC0-301F-11D3-BF4B-00C04F79EFBC}") = "Day5_p3", "Day5_p3\Day5_p3.csproj", "{2B3588BB-A70D-44D1-9949-199CF806E2CA}"
EndProject
Global
	GlobalSection(SolutionConfigurationPlatforms) = preSolution
		Debug|Any CPU = Debug|Any CPU
		Release|Any CPU = Release|Any CPU
	EndGlobalSection
	GlobalSection(ProjectConfigurationPlatforms) = postSolution
		{2B3588BB-A70D-44D1-9949-199CF806E2CA}.Debug|Any CPU.ActiveCfg = Debug|Any CPU
		{2B3588BB-A70D-44D1-9949-199CF806E2CA}.Debug|Any CPU.Build.0 = Debug|Any CPU
		{2B3588BB-A70D-44D1-9949-199CF806E2CA}.Release|Any CPU.ActiveCfg = Release|Any CPU
		{2B3588BB-A70D-44D1-9949-199CF806E2CA}.Release|Any CPU.Build.0 = Release|Any CPU
	EndGlobalSection
	GlobalSection(SolutionProperties) = preSolution
		HideSolutionNode = FALSE
	EndGlobalSection
	GlobalSection(ExtensibilityGlobals) = postSolution
		SolutionGuid = {A2E513E9-56A3-4FCB-8782-C6B2C3EDBA50}
	EndGlobalSection
EndGlobal
