
Microsoft Visual Studio Solution File, Format Version 12.00
# Visual Studio Version 16
VisualStudioVersion = 16.0.29418.71
MinimumVisualStudioVersion = 10.0.40219.1
Project("{FAE04EC0-301F-11D3-BF4B-00C04F79EFBC}") = "EmpPayroll", "EmpPayroll\EmpPayroll.csproj", "{04495326-1189-41D9-8B1B-94C043579C22}"
EndProject
Global
	GlobalSection(SolutionConfigurationPlatforms) = preSolution
		Debug|Any CPU = Debug|Any CPU
		Release|Any CPU = Release|Any CPU
	EndGlobalSection
	GlobalSection(ProjectConfigurationPlatforms) = postSolution
		{04495326-1189-41D9-8B1B-94C043579C22}.Debug|Any CPU.ActiveCfg = Debug|Any CPU
		{04495326-1189-41D9-8B1B-94C043579C22}.Debug|Any CPU.Build.0 = Debug|Any CPU
		{04495326-1189-41D9-8B1B-94C043579C22}.Release|Any CPU.ActiveCfg = Release|Any CPU
		{04495326-1189-41D9-8B1B-94C043579C22}.Release|Any CPU.Build.0 = Release|Any CPU
	EndGlobalSection
	GlobalSection(SolutionProperties) = preSolution
		HideSolutionNode = FALSE
	EndGlobalSection
	GlobalSection(ExtensibilityGlobals) = postSolution
		SolutionGuid = {29D47906-555B-427F-B039-AC01DE35B5FD}
	EndGlobalSection
EndGlobal
