
Microsoft Visual Studio Solution File, Format Version 12.00
# Visual Studio Version 16
VisualStudioVersion = 16.0.29418.71
MinimumVisualStudioVersion = 10.0.40219.1
Project("{FAE04EC0-301F-11D3-BF4B-00C04F79EFBC}") = "Practice", "Practice\Practice.csproj", "{80FCDEA7-B52B-4088-B42C-222C4F1626BF}"
EndProject
Global
	GlobalSection(SolutionConfigurationPlatforms) = preSolution
		Debug|Any CPU = Debug|Any CPU
		Release|Any CPU = Release|Any CPU
	EndGlobalSection
	GlobalSection(ProjectConfigurationPlatforms) = postSolution
		{80FCDEA7-B52B-4088-B42C-222C4F1626BF}.Debug|Any CPU.ActiveCfg = Debug|Any CPU
		{80FCDEA7-B52B-4088-B42C-222C4F1626BF}.Debug|Any CPU.Build.0 = Debug|Any CPU
		{80FCDEA7-B52B-4088-B42C-222C4F1626BF}.Release|Any CPU.ActiveCfg = Release|Any CPU
		{80FCDEA7-B52B-4088-B42C-222C4F1626BF}.Release|Any CPU.Build.0 = Release|Any CPU
	EndGlobalSection
	GlobalSection(SolutionProperties) = preSolution
		HideSolutionNode = FALSE
	EndGlobalSection
	GlobalSection(ExtensibilityGlobals) = postSolution
		SolutionGuid = {AB45AAF3-C471-42A5-9D6D-F19C4C1A64DB}
	EndGlobalSection
EndGlobal
