
Microsoft Visual Studio Solution File, Format Version 12.00
# Visual Studio Version 16
VisualStudioVersion = 16.0.29418.71
MinimumVisualStudioVersion = 10.0.40219.1
Project("{FAE04EC0-301F-11D3-BF4B-00C04F79EFBC}") = "Day4_Assignment", "Day4_Assignment\Day4_Assignment.csproj", "{39FAB68C-DD30-4EE8-B4C2-D6A43BE9381F}"
EndProject
Global
	GlobalSection(SolutionConfigurationPlatforms) = preSolution
		Debug|Any CPU = Debug|Any CPU
		Release|Any CPU = Release|Any CPU
	EndGlobalSection
	GlobalSection(ProjectConfigurationPlatforms) = postSolution
		{39FAB68C-DD30-4EE8-B4C2-D6A43BE9381F}.Debug|Any CPU.ActiveCfg = Debug|Any CPU
		{39FAB68C-DD30-4EE8-B4C2-D6A43BE9381F}.Debug|Any CPU.Build.0 = Debug|Any CPU
		{39FAB68C-DD30-4EE8-B4C2-D6A43BE9381F}.Release|Any CPU.ActiveCfg = Release|Any CPU
		{39FAB68C-DD30-4EE8-B4C2-D6A43BE9381F}.Release|Any CPU.Build.0 = Release|Any CPU
	EndGlobalSection
	GlobalSection(SolutionProperties) = preSolution
		HideSolutionNode = FALSE
	EndGlobalSection
	GlobalSection(ExtensibilityGlobals) = postSolution
		SolutionGuid = {B2F1FCDC-66DF-4389-8A2B-9BD8DB5C36DC}
	EndGlobalSection
EndGlobal
